
Microsoft Visual Studio Solution File, Format Version 12.00
# Visual Studio Version 16
VisualStudioVersion = 16.0.31112.23
MinimumVisualStudioVersion = 10.0.40219.1
Project("{FAE04EC0-301F-11D3-BF4B-00C04F79EFBC}") = "RandomSayiGen", "RandomSayiGen\RandomSayiGen.csproj", "{8F9AFBC0-8D35-4870-9E64-646F75E0143D}"
EndProject
Global
	GlobalSection(SolutionConfigurationPlatforms) = preSolution
		Debug|Any CPU = Debug|Any CPU
		Release|Any CPU = Release|Any CPU
	EndGlobalSection
	GlobalSection(ProjectConfigurationPlatforms) = postSolution
		{8F9AFBC0-8D35-4870-9E64-646F75E0143D}.Debug|Any CPU.ActiveCfg = Debug|Any CPU
		{8F9AFBC0-8D35-4870-9E64-646F75E0143D}.Debug|Any CPU.Build.0 = Debug|Any CPU
		{8F9AFBC0-8D35-4870-9E64-646F75E0143D}.Release|Any CPU.ActiveCfg = Release|Any CPU
		{8F9AFBC0-8D35-4870-9E64-646F75E0143D}.Release|Any CPU.Build.0 = Release|Any CPU
	EndGlobalSection
	GlobalSection(SolutionProperties) = preSolution
		HideSolutionNode = FALSE
	EndGlobalSection
	GlobalSection(ExtensibilityGlobals) = postSolution
		SolutionGuid = {8A0ED42D-9BD4-444A-98F1-C2F2FF5B995F}
	EndGlobalSection
EndGlobal
